
Microsoft Visual Studio Solution File, Format Version 12.00
# Visual Studio 15
VisualStudioVersion = 15.0.27703.2042
MinimumVisualStudioVersion = 10.0.40219.1
Project("{FAE04EC0-301F-11D3-BF4B-00C04F79EFBC}") = "MsPaint", "MsPaint\MsPaint.csproj", "{DC279EA9-17A1-4F2C-9AB5-DBB1AE9837CE}"
EndProject
Global
	GlobalSection(SolutionConfigurationPlatforms) = preSolution
		Debug|Any CPU = Debug|Any CPU
		Release|Any CPU = Release|Any CPU
	EndGlobalSection
	GlobalSection(ProjectConfigurationPlatforms) = postSolution
		{DC279EA9-17A1-4F2C-9AB5-DBB1AE9837CE}.Debug|Any CPU.ActiveCfg = Debug|Any CPU
		{DC279EA9-17A1-4F2C-9AB5-DBB1AE9837CE}.Debug|Any CPU.Build.0 = Debug|Any CPU
		{DC279EA9-17A1-4F2C-9AB5-DBB1AE9837CE}.Release|Any CPU.ActiveCfg = Release|Any CPU
		{DC279EA9-17A1-4F2C-9AB5-DBB1AE9837CE}.Release|Any CPU.Build.0 = Release|Any CPU
	EndGlobalSection
	GlobalSection(SolutionProperties) = preSolution
		HideSolutionNode = FALSE
	EndGlobalSection
	GlobalSection(ExtensibilityGlobals) = postSolution
		SolutionGuid = {9FC92B76-3696-44C9-B8D4-0181126BB6AB}
	EndGlobalSection
EndGlobal
